PODS:
  - Swinject (2.8.3)
  - SwinjectAutoregistration (2.8.3):
    - Swinject (~> 2.8.3)

DEPENDENCIES:
  - Swinject (= 2.8.3)
  - SwinjectAutoregistration (= 2.8.3)

SPEC REPOS:
  trunk:
    - Swinject
    - SwinjectAutoregistration

SPEC CHECKSUMS:
  Swinject: 893c9a543000ac2f10ee4cbaf0933c6992c935d5
  SwinjectAutoregistration: e3ee378dc458acf78d176fc7fec3902603452667

PODFILE CHECKSUM: 862c6cdc74922508d0f8491e4cbe2510ce182e94

COCOAPODS: 1.11.3
